
Microsoft Visual Studio Solution File, Format Version 12.00
# Visual Studio Version 17
VisualStudioVersion = 17.5.002.0
MinimumVisualStudioVersion = 10.0.40219.1
Project("{9A19103F-16F7-4668-BE54-9A1E7A4F7556}") = "YourTicket.API", "YourTicket.API/YourTicket.API.csproj", "{4323AA4F-BFCD-4DF7-80C6-DE9262A9C0D3}"
EndProject
Global
	GlobalSection(SolutionConfigurationPlatforms) = preSolution
		Debug|Any CPU = Debug|Any CPU
		Release|Any CPU = Release|Any CPU
	EndGlobalSection
	GlobalSection(ProjectConfigurationPlatforms) = postSolution
		{4323AA4F-BFCD-4DF7-80C6-DE9262A9C0D3}.Debug|Any CPU.ActiveCfg = Debug|Any CPU
		{4323AA4F-BFCD-4DF7-80C6-DE9262A9C0D3}.Debug|Any CPU.Build.0 = Debug|Any CPU
		{4323AA4F-BFCD-4DF7-80C6-DE9262A9C0D3}.Release|Any CPU.ActiveCfg = Release|Any CPU
		{4323AA4F-BFCD-4DF7-80C6-DE9262A9C0D3}.Release|Any CPU.Build.0 = Release|Any CPU
	EndGlobalSection
	GlobalSection(SolutionProperties) = preSolution
		HideSolutionNode = FALSE
	EndGlobalSection
	GlobalSection(ExtensibilityGlobals) = postSolution
		SolutionGuid = {713E528B-DC1D-410D-9487-2A82FD24D62C}
	EndGlobalSection
EndGlobal
